
Microsoft Visual Studio Solution File, Format Version 12.00
# Visual Studio 15
VisualStudioVersion = 15.0.27130.2010
MinimumVisualStudioVersion = 10.0.40219.1
Project("{FAE04EC0-301F-11D3-BF4B-00C04F79EFBC}") = "TriangleMathDemo", "TriangleMathDemo\TriangleMathDemo.csproj", "{7E99EA62-EEF4-4899-AB71-8ADB8F0B93D1}"
EndProject
Project("{FAE04EC0-301F-11D3-BF4B-00C04F79EFBC}") = "TriangleMathDemo.Test", "TriangleMathDemoTest\TriangleMathDemo.Test.csproj", "{89D2BB94-B6B2-4936-BD09-130545E24FDC}"
EndProject
Global
	GlobalSection(SolutionConfigurationPlatforms) = preSolution
		Debug|Any CPU = Debug|Any CPU
		Release|Any CPU = Release|Any CPU
	EndGlobalSection
	GlobalSection(ProjectConfigurationPlatforms) = postSolution
		{7E99EA62-EEF4-4899-AB71-8ADB8F0B93D1}.Debug|Any CPU.ActiveCfg = Debug|Any CPU
		{7E99EA62-EEF4-4899-AB71-8ADB8F0B93D1}.Debug|Any CPU.Build.0 = Debug|Any CPU
		{7E99EA62-EEF4-4899-AB71-8ADB8F0B93D1}.Release|Any CPU.ActiveCfg = Release|Any CPU
		{7E99EA62-EEF4-4899-AB71-8ADB8F0B93D1}.Release|Any CPU.Build.0 = Release|Any CPU
		{89D2BB94-B6B2-4936-BD09-130545E24FDC}.Debug|Any CPU.ActiveCfg = Debug|Any CPU
		{89D2BB94-B6B2-4936-BD09-130545E24FDC}.Debug|Any CPU.Build.0 = Debug|Any CPU
		{89D2BB94-B6B2-4936-BD09-130545E24FDC}.Release|Any CPU.ActiveCfg = Release|Any CPU
		{89D2BB94-B6B2-4936-BD09-130545E24FDC}.Release|Any CPU.Build.0 = Release|Any CPU
	EndGlobalSection
	GlobalSection(SolutionProperties) = preSolution
		HideSolutionNode = FALSE
	EndGlobalSection
	GlobalSection(ExtensibilityGlobals) = postSolution
		SolutionGuid = {8AA2D8FF-3AC8-401C-B90D-2D20EA888BB1}
	EndGlobalSection
EndGlobal
